
Microsoft Visual Studio Solution File, Format Version 12.00
# Visual Studio 15
VisualStudioVersion = 15.0.27604.0
MinimumVisualStudioVersion = 10.0.40219.1
Project("{FAE04EC0-301F-11D3-BF4B-00C04F79EFBC}") = "DddPlayground.Domain", "DddPlayground.Domain\DddPlayground.Domain.csproj", "{30287BBD-090F-4DF2-B6EB-FDF221B059CF}"
EndProject
Project("{FAE04EC0-301F-11D3-BF4B-00C04F79EFBC}") = "DddPlayground.Consumer", "DddPlayground.Consumer\DddPlayground.Consumer.csproj", "{5B8F7C2C-2E6C-40FA-8493-B6F7D8DE1F07}"
EndProject
Project("{FAE04EC0-301F-11D3-BF4B-00C04F79EFBC}") = "DddPlayground.InMemory", "DddPlayground.InMemory\DddPlayground.InMemory.csproj", "{BAF72A4A-F2BF-40BF-93DF-6ED48F6FABAA}"
EndProject
Project("{9A19103F-16F7-4668-BE54-9A1E7A4F7556}") = "DddPlayground.Infrastrcuture", "DddPlayground.Infrastrcuture\DddPlayground.Infrastrcuture.csproj", "{4D2D6398-F368-40EE-8030-00EB914C955A}"
EndProject
Global
	GlobalSection(SolutionConfigurationPlatforms) = preSolution
		Debug|Any CPU = Debug|Any CPU
		Release|Any CPU = Release|Any CPU
	EndGlobalSection
	GlobalSection(ProjectConfigurationPlatforms) = postSolution
		{30287BBD-090F-4DF2-B6EB-FDF221B059CF}.Debug|Any CPU.ActiveCfg = Debug|Any CPU
		{30287BBD-090F-4DF2-B6EB-FDF221B059CF}.Debug|Any CPU.Build.0 = Debug|Any CPU
		{30287BBD-090F-4DF2-B6EB-FDF221B059CF}.Release|Any CPU.ActiveCfg = Release|Any CPU
		{30287BBD-090F-4DF2-B6EB-FDF221B059CF}.Release|Any CPU.Build.0 = Release|Any CPU
		{5B8F7C2C-2E6C-40FA-8493-B6F7D8DE1F07}.Debug|Any CPU.ActiveCfg = Debug|Any CPU
		{5B8F7C2C-2E6C-40FA-8493-B6F7D8DE1F07}.Debug|Any CPU.Build.0 = Debug|Any CPU
		{5B8F7C2C-2E6C-40FA-8493-B6F7D8DE1F07}.Release|Any CPU.ActiveCfg = Release|Any CPU
		{5B8F7C2C-2E6C-40FA-8493-B6F7D8DE1F07}.Release|Any CPU.Build.0 = Release|Any CPU
		{BAF72A4A-F2BF-40BF-93DF-6ED48F6FABAA}.Debug|Any CPU.ActiveCfg = Debug|Any CPU
		{BAF72A4A-F2BF-40BF-93DF-6ED48F6FABAA}.Debug|Any CPU.Build.0 = Debug|Any CPU
		{BAF72A4A-F2BF-40BF-93DF-6ED48F6FABAA}.Release|Any CPU.ActiveCfg = Release|Any CPU
		{BAF72A4A-F2BF-40BF-93DF-6ED48F6FABAA}.Release|Any CPU.Build.0 = Release|Any CPU
		{4D2D6398-F368-40EE-8030-00EB914C955A}.Debug|Any CPU.ActiveCfg = Debug|Any CPU
		{4D2D6398-F368-40EE-8030-00EB914C955A}.Debug|Any CPU.Build.0 = Debug|Any CPU
		{4D2D6398-F368-40EE-8030-00EB914C955A}.Release|Any CPU.ActiveCfg = Release|Any CPU
		{4D2D6398-F368-40EE-8030-00EB914C955A}.Release|Any CPU.Build.0 = Release|Any CPU
	EndGlobalSection
	GlobalSection(SolutionProperties) = preSolution
		HideSolutionNode = FALSE
	EndGlobalSection
	GlobalSection(ExtensibilityGlobals) = postSolution
		SolutionGuid = {F2269652-7B05-4F81-AAA5-1A61F6E852B8}
	EndGlobalSection
EndGlobal
