
Microsoft Visual Studio Solution File, Format Version 12.00
# Visual Studio 15
VisualStudioVersion = 15.0.27130.2027
MinimumVisualStudioVersion = 10.0.40219.1
Project("{9A19103F-16F7-4668-BE54-9A1E7A4F7556}") = "DddPlayground.Domain", "DddPlayground.Domain\DddPlayground.Domain.csproj", "{30287BBD-090F-4DF2-B6EB-FDF221B059CF}"
EndProject
Project("{9A19103F-16F7-4668-BE54-9A1E7A4F7556}") = "DddPlayground.Consumer", "DddPlayground.Consumer\DddPlayground.Consumer.csproj", "{5B8F7C2C-2E6C-40FA-8493-B6F7D8DE1F07}"
EndProject
Project("{9A19103F-16F7-4668-BE54-9A1E7A4F7556}") = "DddPlayground.Infrastrcuture", "DddPlayground.Infrastrcuture\DddPlayground.Infrastrcuture.csproj", "{4D2D6398-F368-40EE-8030-00EB914C955A}"
EndProject
Project("{9A19103F-16F7-4668-BE54-9A1E7A4F7556}") = "DddPlayground.Persistence", "DddPlayground.Persistence\DddPlayground.Persistence.csproj", "{A7E2061B-BC7B-465D-81E1-B439A45EE5EB}"
EndProject
Project("{9A19103F-16F7-4668-BE54-9A1E7A4F7556}") = "DddPlayground.Persistence.NPoco", "DddPlayground.Persistence.NPoco\DddPlayground.Persistence.NPoco.csproj", "{3A5A1D84-1C7B-417E-BCB4-5FDC8050CFCB}"
EndProject
Project("{2150E333-8FDC-42A3-9474-1A3956D46DE8}") = "Database", "Database", "{9A91646D-B1B9-41C9-B209-D1849D750722}"
EndProject
Project("{9A19103F-16F7-4668-BE54-9A1E7A4F7556}") = "DddPlayground.Database.MigrationTools", "DddPlayground.Database.MigrationTools\DddPlayground.Database.MigrationTools.csproj", "{C6845ECC-AF74-47CA-90D2-6116E28041F4}"
EndProject
Project("{9A19103F-16F7-4668-BE54-9A1E7A4F7556}") = "DddPlayground.Database.Migrations", "DddPlayground.Database.Migrations\DddPlayground.Database.Migrations.csproj", "{2299C6A6-A112-4049-AF5D-8C00D6F25626}"
EndProject
Project("{FAE04EC0-301F-11D3-BF4B-00C04F79EFBC}") = "DddPlayground.Domain.Infrastructure", "DddPlayground.Domain.Infrastructure\DddPlayground.Domain.Infrastructure.csproj", "{2FCF1C80-5C66-432D-9966-E77CAA76235C}"
EndProject
Project("{FAE04EC0-301F-11D3-BF4B-00C04F79EFBC}") = "DddPlayground.Domain.Infrastructure.AutofacExtensions", "DddPlayground.Domain.Infrastructure.AutofacExtensions\DddPlayground.Domain.Infrastructure.AutofacExtensions.csproj", "{D33FEE5A-0A1C-46EF-9584-8D72A58AEA0B}"
EndProject
Project("{2150E333-8FDC-42A3-9474-1A3956D46DE8}") = "Infrastructure", "Infrastructure", "{922C51C4-FB91-49CB-BE07-FA70CBBBBC14}"
EndProject
Project("{2150E333-8FDC-42A3-9474-1A3956D46DE8}") = "Project", "Project", "{FC420B0D-A3AB-49BB-AB31-355B659C38FA}"
EndProject
Project("{2150E333-8FDC-42A3-9474-1A3956D46DE8}") = "Domain", "Domain", "{AB30AADB-845E-4EDD-A720-ACCA58482C64}"
EndProject
Project("{2150E333-8FDC-42A3-9474-1A3956D46DE8}") = "Persistence", "Persistence", "{7BB90CA1-487A-4D64-98AE-943125780477}"
EndProject
Project("{FAE04EC0-301F-11D3-BF4B-00C04F79EFBC}") = "DddPlayground.Persistence.NPoco.AutofacExtensions", "DddPlayground.Persistence.NPoco.AutofacExtensions\DddPlayground.Persistence.NPoco.AutofacExtensions.csproj", "{32E7C301-C943-4FE1-9EB5-38B780DED430}"
EndProject
Global
	GlobalSection(SolutionConfigurationPlatforms) = preSolution
		Debug|Any CPU = Debug|Any CPU
		Release|Any CPU = Release|Any CPU
	EndGlobalSection
	GlobalSection(ProjectConfigurationPlatforms) = postSolution
		{30287BBD-090F-4DF2-B6EB-FDF221B059CF}.Debug|Any CPU.ActiveCfg = Debug|Any CPU
		{30287BBD-090F-4DF2-B6EB-FDF221B059CF}.Debug|Any CPU.Build.0 = Debug|Any CPU
		{30287BBD-090F-4DF2-B6EB-FDF221B059CF}.Release|Any CPU.ActiveCfg = Release|Any CPU
		{30287BBD-090F-4DF2-B6EB-FDF221B059CF}.Release|Any CPU.Build.0 = Release|Any CPU
		{5B8F7C2C-2E6C-40FA-8493-B6F7D8DE1F07}.Debug|Any CPU.ActiveCfg = Debug|Any CPU
		{5B8F7C2C-2E6C-40FA-8493-B6F7D8DE1F07}.Debug|Any CPU.Build.0 = Debug|Any CPU
		{5B8F7C2C-2E6C-40FA-8493-B6F7D8DE1F07}.Release|Any CPU.ActiveCfg = Release|Any CPU
		{5B8F7C2C-2E6C-40FA-8493-B6F7D8DE1F07}.Release|Any CPU.Build.0 = Release|Any CPU
		{4D2D6398-F368-40EE-8030-00EB914C955A}.Debug|Any CPU.ActiveCfg = Debug|Any CPU
		{4D2D6398-F368-40EE-8030-00EB914C955A}.Debug|Any CPU.Build.0 = Debug|Any CPU
		{4D2D6398-F368-40EE-8030-00EB914C955A}.Release|Any CPU.ActiveCfg = Release|Any CPU
		{4D2D6398-F368-40EE-8030-00EB914C955A}.Release|Any CPU.Build.0 = Release|Any CPU
		{A7E2061B-BC7B-465D-81E1-B439A45EE5EB}.Debug|Any CPU.ActiveCfg = Debug|Any CPU
		{A7E2061B-BC7B-465D-81E1-B439A45EE5EB}.Debug|Any CPU.Build.0 = Debug|Any CPU
		{A7E2061B-BC7B-465D-81E1-B439A45EE5EB}.Release|Any CPU.ActiveCfg = Release|Any CPU
		{A7E2061B-BC7B-465D-81E1-B439A45EE5EB}.Release|Any CPU.Build.0 = Release|Any CPU
		{3A5A1D84-1C7B-417E-BCB4-5FDC8050CFCB}.Debug|Any CPU.ActiveCfg = Debug|Any CPU
		{3A5A1D84-1C7B-417E-BCB4-5FDC8050CFCB}.Debug|Any CPU.Build.0 = Debug|Any CPU
		{3A5A1D84-1C7B-417E-BCB4-5FDC8050CFCB}.Release|Any CPU.ActiveCfg = Release|Any CPU
		{3A5A1D84-1C7B-417E-BCB4-5FDC8050CFCB}.Release|Any CPU.Build.0 = Release|Any CPU
		{C6845ECC-AF74-47CA-90D2-6116E28041F4}.Debug|Any CPU.ActiveCfg = Debug|Any CPU
		{C6845ECC-AF74-47CA-90D2-6116E28041F4}.Debug|Any CPU.Build.0 = Debug|Any CPU
		{C6845ECC-AF74-47CA-90D2-6116E28041F4}.Release|Any CPU.ActiveCfg = Release|Any CPU
		{C6845ECC-AF74-47CA-90D2-6116E28041F4}.Release|Any CPU.Build.0 = Release|Any CPU
		{2299C6A6-A112-4049-AF5D-8C00D6F25626}.Debug|Any CPU.ActiveCfg = Debug|Any CPU
		{2299C6A6-A112-4049-AF5D-8C00D6F25626}.Debug|Any CPU.Build.0 = Debug|Any CPU
		{2299C6A6-A112-4049-AF5D-8C00D6F25626}.Release|Any CPU.ActiveCfg = Release|Any CPU
		{2299C6A6-A112-4049-AF5D-8C00D6F25626}.Release|Any CPU.Build.0 = Release|Any CPU
		{2FCF1C80-5C66-432D-9966-E77CAA76235C}.Debug|Any CPU.ActiveCfg = Debug|Any CPU
		{2FCF1C80-5C66-432D-9966-E77CAA76235C}.Debug|Any CPU.Build.0 = Debug|Any CPU
		{2FCF1C80-5C66-432D-9966-E77CAA76235C}.Release|Any CPU.ActiveCfg = Release|Any CPU
		{2FCF1C80-5C66-432D-9966-E77CAA76235C}.Release|Any CPU.Build.0 = Release|Any CPU
		{D33FEE5A-0A1C-46EF-9584-8D72A58AEA0B}.Debug|Any CPU.ActiveCfg = Debug|Any CPU
		{D33FEE5A-0A1C-46EF-9584-8D72A58AEA0B}.Debug|Any CPU.Build.0 = Debug|Any CPU
		{D33FEE5A-0A1C-46EF-9584-8D72A58AEA0B}.Release|Any CPU.ActiveCfg = Release|Any CPU
		{D33FEE5A-0A1C-46EF-9584-8D72A58AEA0B}.Release|Any CPU.Build.0 = Release|Any CPU
		{32E7C301-C943-4FE1-9EB5-38B780DED430}.Debug|Any CPU.ActiveCfg = Debug|Any CPU
		{32E7C301-C943-4FE1-9EB5-38B780DED430}.Debug|Any CPU.Build.0 = Debug|Any CPU
		{32E7C301-C943-4FE1-9EB5-38B780DED430}.Release|Any CPU.ActiveCfg = Release|Any CPU
		{32E7C301-C943-4FE1-9EB5-38B780DED430}.Release|Any CPU.Build.0 = Release|Any CPU
	EndGlobalSection
	GlobalSection(SolutionProperties) = preSolution
		HideSolutionNode = FALSE
	EndGlobalSection
	GlobalSection(NestedProjects) = preSolution
		{4D2D6398-F368-40EE-8030-00EB914C955A} = {FC420B0D-A3AB-49BB-AB31-355B659C38FA}
		{9A91646D-B1B9-41C9-B209-D1849D750722} = {922C51C4-FB91-49CB-BE07-FA70CBBBBC14}
		{C6845ECC-AF74-47CA-90D2-6116E28041F4} = {9A91646D-B1B9-41C9-B209-D1849D750722}
		{2FCF1C80-5C66-432D-9966-E77CAA76235C} = {AB30AADB-845E-4EDD-A720-ACCA58482C64}
		{D33FEE5A-0A1C-46EF-9584-8D72A58AEA0B} = {AB30AADB-845E-4EDD-A720-ACCA58482C64}
		{FC420B0D-A3AB-49BB-AB31-355B659C38FA} = {922C51C4-FB91-49CB-BE07-FA70CBBBBC14}
		{AB30AADB-845E-4EDD-A720-ACCA58482C64} = {922C51C4-FB91-49CB-BE07-FA70CBBBBC14}
		{7BB90CA1-487A-4D64-98AE-943125780477} = {922C51C4-FB91-49CB-BE07-FA70CBBBBC14}
		{32E7C301-C943-4FE1-9EB5-38B780DED430} = {7BB90CA1-487A-4D64-98AE-943125780477}
	EndGlobalSection
	GlobalSection(ExtensibilityGlobals) = postSolution
		SolutionGuid = {F2269652-7B05-4F81-AAA5-1A61F6E852B8}
	EndGlobalSection
EndGlobal
